{
  "version": 4,
  "terraform_version": "1.8.5",
  "serial": 6,
  "lineage": "5a77f5b2-17d3-a718-8b2b-39de8c7bd24c",
  "outputs": {},
  "resources": [
    {
      "mode": "managed",
      "type": "azurerm_resource_group",
      "name": "rg-admin",
      "provider": "provider[\"registry.terraform.io/hashicorp/azurerm\"]",
      "instances": [
        {
          "index_key": "rg-admin1",
          "schema_version": 0,
          "attributes": {
            "id": "/subscriptions/c161254a-03fa-4c91-884d-579d7bb02998/resourceGroups/rg-admin1",
            "location": "centralindia",
            "managed_by": "",
            "name": "rg-admin1",
            "tags": null,
            "timeouts": null
          },
          "sensitive_attributes": [],
          "private": "eyJlMmJmYjczMC1lY2FhLTExZTYtOGY4OC0zNDM2M2JjN2M0YzAiOnsiY3JlYXRlIjo1NDAwMDAwMDAwMDAwLCJkZWxldGUiOjU0MDAwMDAwMDAwMDAsInJlYWQiOjMwMDAwMDAwMDAwMCwidXBkYXRlIjo1NDAwMDAwMDAwMDAwfX0="
        },
        {
          "index_key": "rg-admin2",
          "schema_version": 0,
          "attributes": {
            "id": "/subscriptions/c161254a-03fa-4c91-884d-579d7bb02998/resourceGroups/rg-admin2",
            "location": "centralindia",
            "managed_by": "",
            "name": "rg-admin2",
            "tags": null,
            "timeouts": null
          },
          "sensitive_attributes": [],
          "private": "eyJlMmJmYjczMC1lY2FhLTExZTYtOGY4OC0zNDM2M2JjN2M0YzAiOnsiY3JlYXRlIjo1NDAwMDAwMDAwMDAwLCJkZWxldGUiOjU0MDAwMDAwMDAwMDAsInJlYWQiOjMwMDAwMDAwMDAwMCwidXBkYXRlIjo1NDAwMDAwMDAwMDAwfX0="
        },
        {
          "index_key": "rg-admin3",
          "schema_version": 0,
          "attributes": {
            "id": "/subscriptions/c161254a-03fa-4c91-884d-579d7bb02998/resourceGroups/rg-admin3",
            "location": "centralindia",
            "managed_by": "",
            "name": "rg-admin3",
            "tags": null,
            "timeouts": null
          },
          "sensitive_attributes": [],
          "private": "eyJlMmJmYjczMC1lY2FhLTExZTYtOGY4OC0zNDM2M2JjN2M0YzAiOnsiY3JlYXRlIjo1NDAwMDAwMDAwMDAwLCJkZWxldGUiOjU0MDAwMDAwMDAwMDAsInJlYWQiOjMwMDAwMDAwMDAwMCwidXBkYXRlIjo1NDAwMDAwMDAwMDAwfX0="
        }
      ]
    }
  ],
  "check_results": null
}
